// !$*UTF8*$!
{
	archiveVersion = 1;
	classes = {
	};
	objectVersion = 46;
	objects = {

/* Begin PBXBuildFile section */
		126868E945AA59BDCBFD329E /* Pods_QuickNimbleProjectUITests.framework in Frameworks */ = {isa = PBXBuildFile; fileRef = C1D1D5858DE205C9F0FC3D28 /* Pods_QuickNimbleProjectUITests.framework */; };
		33D8E5DB10247ABE6FB61702 /* Pods_QuickNimbleProject.framework in Frameworks */ = {isa = PBXBuildFile; fileRef = 05BB5C5ABA11A57ECEABAA93 /* Pods_QuickNimbleProject.framework */; };
		3EBF8234701BB1796300875D /* Pods_QuickNimbleProjectTests.framework in Frameworks */ = {isa = PBXBuildFile; fileRef = 53D5FD6E3765B54B1742FDD6 /* Pods_QuickNimbleProjectTests.framework */; };
		60A1D9B11CD95628003CADE0 /* PersonModel.swift in Sources */ = {isa = PBXBuildFile; fileRef = 60A1D9B01CD95628003CADE0 /* PersonModel.swift */; };
		60A1D9B41CD956B0003CADE0 /* PersonModelSpec.swift in Sources */ = {isa = PBXBuildFile; fileRef = 60A1D9B31CD956B0003CADE0 /* PersonModelSpec.swift */; };
		60A1D9B51CD95897003CADE0 /* PersonModel.swift in Sources */ = {isa = PBXBuildFile; fileRef = 60A1D9B01CD95628003CADE0 /* PersonModel.swift */; };
		60E80EA31CD9467800C6B00F /* AppDelegate.swift in Sources */ = {isa = PBXBuildFile; fileRef = 60E80EA21CD9467800C6B00F /* AppDelegate.swift */; };
		60E80EA51CD9467800C6B00F /* ViewController.swift in Sources */ = {isa = PBXBuildFile; fileRef = 60E80EA41CD9467800C6B00F /* ViewController.swift */; };
		60E80EA81CD9467800C6B00F /* Main.storyboard in Resources */ = {isa = PBXBuildFile; fileRef = 60E80EA61CD9467800C6B00F /* Main.storyboard */; };
		60E80EAA1CD9467800C6B00F /* Assets.xcassets in Resources */ = {isa = PBXBuildFile; fileRef = 60E80EA91CD9467800C6B00F /* Assets.xcassets */; };
		60E80EAD1CD9467800C6B00F /* LaunchScreen.storyboard in Resources */ = {isa = PBXBuildFile; fileRef = 60E80EAB1CD9467800C6B00F /* LaunchScreen.storyboard */; };
		60E80EB81CD9467800C6B00F /* QuickNimbleProjectTests.swift in Sources */ = {isa = PBXBuildFile; fileRef = 60E80EB71CD9467800C6B00F /* QuickNimbleProjectTests.swift */; };
		60E80EC31CD9467800C6B00F /* QuickNimbleProjectUITests.swift in Sources */ = {isa = PBXBuildFile; fileRef = 60E80EC21CD9467800C6B00F /* QuickNimbleProjectUITests.swift */; };
/* End PBXBuildFile section */

/* Begin PBXContainerItemProxy section */
		60E80EB41CD9467800C6B00F /* PBXContainerItemProxy */ = {
			isa = PBXContainerItemProxy;
			containerPortal = 60E80E971CD9467800C6B00F /* Project object */;
			proxyType = 1;
			remoteGlobalIDString = 60E80E9E1CD9467800C6B00F;
			remoteInfo = QuickNimbleProject;
		};
		60E80EBF1CD9467800C6B00F /* PBXContainerItemProxy */ = {
			isa = PBXContainerItemProxy;
			containerPortal = 60E80E971CD9467800C6B00F /* Project object */;
			proxyType = 1;
			remoteGlobalIDString = 60E80E9E1CD9467800C6B00F;
			remoteInfo = QuickNimbleProject;
		};
/* End PBXContainerItemProxy section */

/* Begin PBXFileReference section */
		05BB5C5ABA11A57ECEABAA93 /* Pods_QuickNimbleProject.framework */ = {isa = PBXFileReference; explicitFileType = wrapper.framework; includeInIndex = 0; path = Pods_QuickNimbleProject.framework; sourceTree = BUILT_PRODUCTS_DIR; };
		1E6F5567E6916CA20B7D244F /* Pods-QuickNimbleProjectTests.release.xcconfig */ = {isa = PBXFileReference; includeInIndex = 1; lastKnownFileType = text.xcconfig; name = "Pods-QuickNimbleProjectTests.release.xcconfig"; path = "Pods/Target Support Files/Pods-QuickNimbleProjectTests/Pods-QuickNimbleProjectTests.release.xcconfig"; sourceTree = "<group>"; };
		53D5FD6E3765B54B1742FDD6 /* Pods_QuickNimbleProjectTests.framework */ = {isa = PBXFileReference; explicitFileType = wrapper.framework; includeInIndex = 0; path = Pods_QuickNimbleProjectTests.framework; sourceTree = BUILT_PRODUCTS_DIR; };
		60A1D9B01CD95628003CADE0 /* PersonModel.swift */ = {isa = PBXFileReference; fileEncoding = 4; lastKnownFileType = sourcecode.swift; path = PersonModel.swift; sourceTree = "<group>"; };
		60A1D9B31CD956B0003CADE0 /* PersonModelSpec.swift */ = {isa = PBXFileReference; fileEncoding = 4; lastKnownFileType = sourcecode.swift; path = PersonModelSpec.swift; sourceTree = "<group>"; };
		60E80E9F1CD9467800C6B00F /* QuickNimbleProject.app */ = {isa = PBXFileReference; explicitFileType = wrapper.application; includeInIndex = 0; path = QuickNimbleProject.app; sourceTree = BUILT_PRODUCTS_DIR; };
		60E80EA21CD9467800C6B00F /* AppDelegate.swift */ = {isa = PBXFileReference; lastKnownFileType = sourcecode.swift; path = AppDelegate.swift; sourceTree = "<group>"; };
		60E80EA41CD9467800C6B00F /* ViewController.swift */ = {isa = PBXFileReference; lastKnownFileType = sourcecode.swift; path = ViewController.swift; sourceTree = "<group>"; };
		60E80EA71CD9467800C6B00F /* Base */ = {isa = PBXFileReference; lastKnownFileType = file.storyboard; name = Base; path = Base.lproj/Main.storyboard; sourceTree = "<group>"; };
		60E80EA91CD9467800C6B00F /* Assets.xcassets */ = {isa = PBXFileReference; lastKnownFileType = folder.assetcatalog; path = Assets.xcassets; sourceTree = "<group>"; };
		60E80EAC1CD9467800C6B00F /* Base */ = {isa = PBXFileReference; lastKnownFileType = file.storyboard; name = Base; path = Base.lproj/LaunchScreen.storyboard; sourceTree = "<group>"; };
		60E80EAE1CD9467800C6B00F /* Info.plist */ = {isa = PBXFileReference; lastKnownFileType = text.plist.xml; path = Info.plist; sourceTree = "<group>"; };
		60E80EB31CD9467800C6B00F /* QuickNimbleProjectTests.xctest */ = {isa = PBXFileReference; explicitFileType = wrapper.cfbundle; includeInIndex = 0; path = QuickNimbleProjectTests.xctest; sourceTree = BUILT_PRODUCTS_DIR; };
		60E80EB71CD9467800C6B00F /* QuickNimbleProjectTests.swift */ = {isa = PBXFileReference; lastKnownFileType = sourcecode.swift; path = QuickNimbleProjectTests.swift; sourceTree = "<group>"; };
		60E80EB91CD9467800C6B00F /* Info.plist */ = {isa = PBXFileReference; lastKnownFileType = text.plist.xml; path = Info.plist; sourceTree = "<group>"; };
		60E80EBE1CD9467800C6B00F /* QuickNimbleProjectUITests.xctest */ = {isa = PBXFileReference; explicitFileType = wrapper.cfbundle; includeInIndex = 0; path = QuickNimbleProjectUITests.xctest; sourceTree = BUILT_PRODUCTS_DIR; };
		60E80EC21CD9467800C6B00F /* QuickNimbleProjectUITests.swift */ = {isa = PBXFileReference; lastKnownFileType = sourcecode.swift; path = QuickNimbleProjectUITests.swift; sourceTree = "<group>"; };
		60E80EC41CD9467800C6B00F /* Info.plist */ = {isa = PBXFileReference; lastKnownFileType = text.plist.xml; path = Info.plist; sourceTree = "<group>"; };
		8E21B9BD0C6F5B7B0792D194 /* Pods-QuickNimbleProjectUITests.debug.xcconfig */ = {isa = PBXFileReference; includeInIndex = 1; lastKnownFileType = text.xcconfig; name = "Pods-QuickNimbleProjectUITests.debug.xcconfig"; path = "Pods/Target Support Files/Pods-QuickNimbleProjectUITests/Pods-QuickNimbleProjectUITests.debug.xcconfig"; sourceTree = "<group>"; };
		A6134BF586931ECD27360EA1 /* Pods-QuickNimbleProjectUITests.release.xcconfig */ = {isa = PBXFileReference; includeInIndex = 1; lastKnownFileType = text.xcconfig; name = "Pods-QuickNimbleProjectUITests.release.xcconfig"; path = "Pods/Target Support Files/Pods-QuickNimbleProjectUITests/Pods-QuickNimbleProjectUITests.release.xcconfig"; sourceTree = "<group>"; };
		C1D1D5858DE205C9F0FC3D28 /* Pods_QuickNimbleProjectUITests.framework */ = {isa = PBXFileReference; explicitFileType = wrapper.framework; includeInIndex = 0; path = Pods_QuickNimbleProjectUITests.framework; sourceTree = BUILT_PRODUCTS_DIR; };
		DDC9533BA879159985B26206 /* Pods-QuickNimbleProject.debug.xcconfig */ = {isa = PBXFileReference; includeInIndex = 1; lastKnownFileType = text.xcconfig; name = "Pods-QuickNimbleProject.debug.xcconfig"; path = "Pods/Target Support Files/Pods-QuickNimbleProject/Pods-QuickNimbleProject.debug.xcconfig"; sourceTree = "<group>"; };
		E982B2DCC1199C17644C5077 /* Pods-QuickNimbleProjectTests.debug.xcconfig */ = {isa = PBXFileReference; includeInIndex = 1; lastKnownFileType = text.xcconfig; name = "Pods-QuickNimbleProjectTests.debug.xcconfig"; path = "Pods/Target Support Files/Pods-QuickNimbleProjectTests/Pods-QuickNimbleProjectTests.debug.xcconfig"; sourceTree = "<group>"; };
		FF65768E716B796FD64DBED3 /* Pods-QuickNimbleProject.release.xcconfig */ = {isa = PBXFileReference; includeInIndex = 1; lastKnownFileType = text.xcconfig; name = "Pods-QuickNimbleProject.release.xcconfig"; path = "Pods/Target Support Files/Pods-QuickNimbleProject/Pods-QuickNimbleProject.release.xcconfig"; sourceTree = "<group>"; };
/* End PBXFileReference section */

/* Begin PBXFrameworksBuildPhase section */
		60E80E9C1CD9467800C6B00F /* Frameworks */ = {
			isa = PBXFrameworksBuildPhase;
			buildActionMask = 2147483647;
			files = (
				33D8E5DB10247ABE6FB61702 /* Pods_QuickNimbleProject.framework in Frameworks */,
			);
			runOnlyForDeploymentPostprocessing = 0;
		};
		60E80EB01CD9467800C6B00F /* Frameworks */ = {
			isa = PBXFrameworksBuildPhase;
			buildActionMask = 2147483647;
			files = (
				3EBF8234701BB1796300875D /* Pods_QuickNimbleProjectTests.framework in Frameworks */,
			);
			runOnlyForDeploymentPostprocessing = 0;
		};
		60E80EBB1CD9467800C6B00F /* Frameworks */ = {
			isa = PBXFrameworksBuildPhase;
			buildActionMask = 2147483647;
			files = (
				126868E945AA59BDCBFD329E /* Pods_QuickNimbleProjectUITests.framework in Frameworks */,
			);
			runOnlyForDeploymentPostprocessing = 0;
		};
/* End PBXFrameworksBuildPhase section */

/* Begin PBXGroup section */
		4F2ECCBC54C4326FFA670461 /* Frameworks */ = {
			isa = PBXGroup;
			children = (
				05BB5C5ABA11A57ECEABAA93 /* Pods_QuickNimbleProject.framework */,
				53D5FD6E3765B54B1742FDD6 /* Pods_QuickNimbleProjectTests.framework */,
				C1D1D5858DE205C9F0FC3D28 /* Pods_QuickNimbleProjectUITests.framework */,
			);
			name = Frameworks;
			sourceTree = "<group>";
		};
		60A1D9AF1CD95618003CADE0 /* Model */ = {
			isa = PBXGroup;
			children = (
				60A1D9B01CD95628003CADE0 /* PersonModel.swift */,
			);
			name = Model;
			sourceTree = "<group>";
		};
		60A1D9B21CD95698003CADE0 /* Model */ = {
			isa = PBXGroup;
			children = (
				60A1D9B31CD956B0003CADE0 /* PersonModelSpec.swift */,
			);
			name = Model;
			sourceTree = "<group>";
		};
		60E80E961CD9467800C6B00F = {
			isa = PBXGroup;
			children = (
				60E80EA11CD9467800C6B00F /* QuickNimbleProject */,
				60E80EB61CD9467800C6B00F /* QuickNimbleProjectTests */,
				60E80EC11CD9467800C6B00F /* QuickNimbleProjectUITests */,
				60E80EA01CD9467800C6B00F /* Products */,
				B0227C50D84E93F16FB8AD0C /* Pods */,
				4F2ECCBC54C4326FFA670461 /* Frameworks */,
			);
			sourceTree = "<group>";
		};
		60E80EA01CD9467800C6B00F /* Products */ = {
			isa = PBXGroup;
			children = (
				60E80E9F1CD9467800C6B00F /* QuickNimbleProject.app */,
				60E80EB31CD9467800C6B00F /* QuickNimbleProjectTests.xctest */,
				60E80EBE1CD9467800C6B00F /* QuickNimbleProjectUITests.xctest */,
			);
			name = Products;
			sourceTree = "<group>";
		};
		60E80EA11CD9467800C6B00F /* QuickNimbleProject */ = {
			isa = PBXGroup;
			children = (
				60A1D9AF1CD95618003CADE0 /* Model */,
				60E80EA21CD9467800C6B00F /* AppDelegate.swift */,
				60E80EA41CD9467800C6B00F /* ViewController.swift */,
				60E80EA61CD9467800C6B00F /* Main.storyboard */,
				60E80EA91CD9467800C6B00F /* Assets.xcassets */,
				60E80EAB1CD9467800C6B00F /* LaunchScreen.storyboard */,
				60E80EAE1CD9467800C6B00F /* Info.plist */,
			);
			path = QuickNimbleProject;
			sourceTree = "<group>";
		};
		60E80EB61CD9467800C6B00F /* QuickNimbleProjectTests */ = {
			isa = PBXGroup;
			children = (
				60A1D9B21CD95698003CADE0 /* Model */,
				60E80EB71CD9467800C6B00F /* QuickNimbleProjectTests.swift */,
				60E80EB91CD9467800C6B00F /* Info.plist */,
			);
			path = QuickNimbleProjectTests;
			sourceTree = "<group>";
		};
		60E80EC11CD9467800C6B00F /* QuickNimbleProjectUITests */ = {
			isa = PBXGroup;
			children = (
				60E80EC21CD9467800C6B00F /* QuickNimbleProjectUITests.swift */,
				60E80EC41CD9467800C6B00F /* Info.plist */,
			);
			path = QuickNimbleProjectUITests;
			sourceTree = "<group>";
		};
		B0227C50D84E93F16FB8AD0C /* Pods */ = {
			isa = PBXGroup;
			children = (
				DDC9533BA879159985B26206 /* Pods-QuickNimbleProject.debug.xcconfig */,
				FF65768E716B796FD64DBED3 /* Pods-QuickNimbleProject.release.xcconfig */,
				E982B2DCC1199C17644C5077 /* Pods-QuickNimbleProjectTests.debug.xcconfig */,
				1E6F5567E6916CA20B7D244F /* Pods-QuickNimbleProjectTests.release.xcconfig */,
				8E21B9BD0C6F5B7B0792D194 /* Pods-QuickNimbleProjectUITests.debug.xcconfig */,
				A6134BF586931ECD27360EA1 /* Pods-QuickNimbleProjectUITests.release.xcconfig */,
			);
			name = Pods;
			sourceTree = "<group>";
		};
/* End PBXGroup section */

/* Begin PBXNativeTarget section */
		60E80E9E1CD9467800C6B00F /* QuickNimbleProject */ = {
			isa = PBXNativeTarget;
			buildConfigurationList = 60E80EC71CD9467800C6B00F /* Build configuration list for PBXNativeTarget "QuickNimbleProject" */;
			buildPhases = (
				B96DAD398FD4E4446281E7FC /* 📦 Check Pods Manifest.lock */,
				60E80E9B1CD9467800C6B00F /* Sources */,
				60E80E9C1CD9467800C6B00F /* Frameworks */,
				60E80E9D1CD9467800C6B00F /* Resources */,
				4F5B13B4037F00A18B533364 /* 📦 Embed Pods Frameworks */,
				ADA8A52B05075558312DADC4 /* 📦 Copy Pods Resources */,
			);
			buildRules = (
			);
			dependencies = (
			);
			name = QuickNimbleProject;
			productName = QuickNimbleProject;
			productReference = 60E80E9F1CD9467800C6B00F /* QuickNimbleProject.app */;
			productType = "com.apple.product-type.application";
		};
		60E80EB21CD9467800C6B00F /* QuickNimbleProjectTests */ = {
			isa = PBXNativeTarget;
			buildConfigurationList = 60E80ECA1CD9467800C6B00F /* Build configuration list for PBXNativeTarget "QuickNimbleProjectTests" */;
			buildPhases = (
				55436034796B45910458F302 /* 📦 Check Pods Manifest.lock */,
				60E80EAF1CD9467800C6B00F /* Sources */,
				60E80EB01CD9467800C6B00F /* Frameworks */,
				60E80EB11CD9467800C6B00F /* Resources */,
				141B9F6F8A3CCC39F5AFD2C0 /* 📦 Embed Pods Frameworks */,
				F40B58669D4E8E62E9431B10 /* 📦 Copy Pods Resources */,
			);
			buildRules = (
			);
			dependencies = (
				60E80EB51CD9467800C6B00F /* PBXTargetDependency */,
			);
			name = QuickNimbleProjectTests;
			productName = QuickNimbleProjectTests;
			productReference = 60E80EB31CD9467800C6B00F /* QuickNimbleProjectTests.xctest */;
			productType = "com.apple.product-type.bundle.unit-test";
		};
		60E80EBD1CD9467800C6B00F /* QuickNimbleProjectUITests */ = {
			isa = PBXNativeTarget;
			buildConfigurationList = 60E80ECD1CD9467800C6B00F /* Build configuration list for PBXNativeTarget "QuickNimbleProjectUITests" */;
			buildPhases = (
				E9653E2D579E7E770DA28794 /* 📦 Check Pods Manifest.lock */,
				60E80EBA1CD9467800C6B00F /* Sources */,
				60E80EBB1CD9467800C6B00F /* Frameworks */,
				60E80EBC1CD9467800C6B00F /* Resources */,
				73DD8037FF86737730A2025C /* 📦 Copy Pods Resources */,
			);
			buildRules = (
			);
			dependencies = (
				60E80EC01CD9467800C6B00F /* PBXTargetDependency */,
			);
			name = QuickNimbleProjectUITests;
			productName = QuickNimbleProjectUITests;
			productReference = 60E80EBE1CD9467800C6B00F /* QuickNimbleProjectUITests.xctest */;
			productType = "com.apple.product-type.bundle.ui-testing";
		};
/* End PBXNativeTarget section */

/* Begin PBXProject section */
		60E80E971CD9467800C6B00F /* Project object */ = {
			isa = PBXProject;
			attributes = {
				LastSwiftUpdateCheck = 0730;
				LastUpgradeCheck = 0730;
				ORGANIZATIONNAME = "Alan O'Connor";
				TargetAttributes = {
					60E80E9E1CD9467800C6B00F = {
						CreatedOnToolsVersion = 7.3;
					};
					60E80EB21CD9467800C6B00F = {
						CreatedOnToolsVersion = 7.3;
						TestTargetID = 60E80E9E1CD9467800C6B00F;
					};
					60E80EBD1CD9467800C6B00F = {
						CreatedOnToolsVersion = 7.3;
						TestTargetID = 60E80E9E1CD9467800C6B00F;
					};
				};
			};
			buildConfigurationList = 60E80E9A1CD9467800C6B00F /* Build configuration list for PBXProject "QuickNimbleProject" */;
			compatibilityVersion = "Xcode 3.2";
			developmentRegion = English;
			hasScannedForEncodings = 0;
			knownRegions = (
				en,
				Base,
			);
			mainGroup = 60E80E961CD9467800C6B00F;
			productRefGroup = 60E80EA01CD9467800C6B00F /* Products */;
			projectDirPath = "";
			projectRoot = "";
			targets = (
				60E80E9E1CD9467800C6B00F /* QuickNimbleProject */,
				60E80EB21CD9467800C6B00F /* QuickNimbleProjectTests */,
				60E80EBD1CD9467800C6B00F /* QuickNimbleProjectUITests */,
			);
		};
/* End PBXProject section */

/* Begin PBXResourcesBuildPhase section */
		60E80E9D1CD9467800C6B00F /* Resources */ = {
			isa = PBXResourcesBuildPhase;
			buildActionMask = 2147483647;
			files = (
				60E80EAD1CD9467800C6B00F /* LaunchScreen.storyboard in Resources */,
				60E80EAA1CD9467800C6B00F /* Assets.xcassets in Resources */,
				60E80EA81CD9467800C6B00F /* Main.storyboard in Resources */,
			);
			runOnlyForDeploymentPostprocessing = 0;
		};
		60E80EB11CD9467800C6B00F /* Resources */ = {
			isa = PBXResourcesBuildPhase;
			buildActionMask = 2147483647;
			files = (
			);
			runOnlyForDeploymentPostprocessing = 0;
		};
		60E80EBC1CD9467800C6B00F /* Resources */ = {
			isa = PBXResourcesBuildPhase;
			buildActionMask = 2147483647;
			files = (
			);
			runOnlyForDeploymentPostprocessing = 0;
		};
/* End PBXResourcesBuildPhase section */

/* Begin PBXShellScriptBuildPhase section */
		141B9F6F8A3CCC39F5AFD2C0 /* 📦 Embed Pods Frameworks */ = {
			isa = PBXShellScriptBuildPhase;
			buildActionMask = 2147483647;
			files = (
			);
			inputPaths = (
			);
			name = "📦 Embed Pods Frameworks";
			outputPaths = (
			);
			runOnlyForDeploymentPostprocessing = 0;
			shellPath = /bin/sh;
			shellScript = "\"${SRCROOT}/Pods/Target Support Files/Pods-QuickNimbleProjectTests/Pods-QuickNimbleProjectTests-frameworks.sh\"\n";
			showEnvVarsInLog = 0;
		};
		4F5B13B4037F00A18B533364 /* 📦 Embed Pods Frameworks */ = {
			isa = PBXShellScriptBuildPhase;
			buildActionMask = 2147483647;
			files = (
			);
			inputPaths = (
			);
			name = "📦 Embed Pods Frameworks";
			outputPaths = (
			);
			runOnlyForDeploymentPostprocessing = 0;
			shellPath = /bin/sh;
			shellScript = "\"${SRCROOT}/Pods/Target Support Files/Pods-QuickNimbleProject/Pods-QuickNimbleProject-frameworks.sh\"\n";
			showEnvVarsInLog = 0;
		};
		55436034796B45910458F302 /* 📦 Check Pods Manifest.lock */ = {
			isa = PBXShellScriptBuildPhase;
			buildActionMask = 2147483647;
			files = (
			);
			inputPaths = (
			);
			name = "📦 Check Pods Manifest.lock";
			outputPaths = (
			);
			runOnlyForDeploymentPostprocessing = 0;
			shellPath = /bin/sh;
			shellScript = "diff \"${PODS_ROOT}/../Podfile.lock\" \"${PODS_ROOT}/Manifest.lock\" > /dev/null\nif [[ $? != 0 ]] ; then\n    cat << EOM\nerror: The sandbox is not in sync with the Podfile.lock. Run 'pod install' or update your CocoaPods installation.\nEOM\n    exit 1\nfi\n";
			showEnvVarsInLog = 0;
		};
		73DD8037FF86737730A2025C /* 📦 Copy Pods Resources */ = {
			isa = PBXShellScriptBuildPhase;
			buildActionMask = 2147483647;
			files = (
			);
			inputPaths = (
			);
			name = "📦 Copy Pods Resources";
			outputPaths = (
			);
			runOnlyForDeploymentPostprocessing = 0;
			shellPath = /bin/sh;
			shellScript = "\"${SRCROOT}/Pods/Target Support Files/Pods-QuickNimbleProjectUITests/Pods-QuickNimbleProjectUITests-resources.sh\"\n";
			showEnvVarsInLog = 0;
		};
		ADA8A52B05075558312DADC4 /* 📦 Copy Pods Resources */ = {
			isa = PBXShellScriptBuildPhase;
			buildActionMask = 2147483647;
			files = (
			);
			inputPaths = (
			);
			name = "📦 Copy Pods Resources";
			outputPaths = (
			);
			runOnlyForDeploymentPostprocessing = 0;
			shellPath = /bin/sh;
			shellScript = "\"${SRCROOT}/Pods/Target Support Files/Pods-QuickNimbleProject/Pods-QuickNimbleProject-resources.sh\"\n";
			showEnvVarsInLog = 0;
		};
		B96DAD398FD4E4446281E7FC /* 📦 Check Pods Manifest.lock */ = {
			isa = PBXShellScriptBuildPhase;
			buildActionMask = 2147483647;
			files = (
			);
			inputPaths = (
			);
			name = "📦 Check Pods Manifest.lock";
			outputPaths = (
			);
			runOnlyForDeploymentPostprocessing = 0;
			shellPath = /bin/sh;
			shellScript = "diff \"${PODS_ROOT}/../Podfile.lock\" \"${PODS_ROOT}/Manifest.lock\" > /dev/null\nif [[ $? != 0 ]] ; then\n    cat << EOM\nerror: The sandbox is not in sync with the Podfile.lock. Run 'pod install' or update your CocoaPods installation.\nEOM\n    exit 1\nfi\n";
			showEnvVarsInLog = 0;
		};
		E9653E2D579E7E770DA28794 /* 📦 Check Pods Manifest.lock */ = {
			isa = PBXShellScriptBuildPhase;
			buildActionMask = 2147483647;
			files = (
			);
			inputPaths = (
			);
			name = "📦 Check Pods Manifest.lock";
			outputPaths = (
			);
			runOnlyForDeploymentPostprocessing = 0;
			shellPath = /bin/sh;
			shellScript = "diff \"${PODS_ROOT}/../Podfile.lock\" \"${PODS_ROOT}/Manifest.lock\" > /dev/null\nif [[ $? != 0 ]] ; then\n    cat << EOM\nerror: The sandbox is not in sync with the Podfile.lock. Run 'pod install' or update your CocoaPods installation.\nEOM\n    exit 1\nfi\n";
			showEnvVarsInLog = 0;
		};
		F40B58669D4E8E62E9431B10 /* 📦 Copy Pods Resources */ = {
			isa = PBXShellScriptBuildPhase;
			buildActionMask = 2147483647;
			files = (
			);
			inputPaths = (
			);
			name = "📦 Copy Pods Resources";
			outputPaths = (
			);
			runOnlyForDeploymentPostprocessing = 0;
			shellPath = /bin/sh;
			shellScript = "\"${SRCROOT}/Pods/Target Support Files/Pods-QuickNimbleProjectTests/Pods-QuickNimbleProjectTests-resources.sh\"\n";
			showEnvVarsInLog = 0;
		};
/* End PBXShellScriptBuildPhase section */

/* Begin PBXSourcesBuildPhase section */
		60E80E9B1CD9467800C6B00F /* Sources */ = {
			isa = PBXSourcesBuildPhase;
			buildActionMask = 2147483647;
			files = (
				60A1D9B11CD95628003CADE0 /* PersonModel.swift in Sources */,
				60E80EA51CD9467800C6B00F /* ViewController.swift in Sources */,
				60E80EA31CD9467800C6B00F /* AppDelegate.swift in Sources */,
			);
			runOnlyForDeploymentPostprocessing = 0;
		};
		60E80EAF1CD9467800C6B00F /* Sources */ = {
			isa = PBXSourcesBuildPhase;
			buildActionMask = 2147483647;
			files = (
				60A1D9B51CD95897003CADE0 /* PersonModel.swift in Sources */,
				60E80EB81CD9467800C6B00F /* QuickNimbleProjectTests.swift in Sources */,
				60A1D9B41CD956B0003CADE0 /* PersonModelSpec.swift in Sources */,
			);
			runOnlyForDeploymentPostprocessing = 0;
		};
		60E80EBA1CD9467800C6B00F /* Sources */ = {
			isa = PBXSourcesBuildPhase;
			buildActionMask = 2147483647;
			files = (
				60E80EC31CD9467800C6B00F /* QuickNimbleProjectUITests.swift in Sources */,
			);
			runOnlyForDeploymentPostprocessing = 0;
		};
/* End PBXSourcesBuildPhase section */

/* Begin PBXTargetDependency section */
		60E80EB51CD9467800C6B00F /* PBXTargetDependency */ = {
			isa = PBXTargetDependency;
			target = 60E80E9E1CD9467800C6B00F /* QuickNimbleProject */;
			targetProxy = 60E80EB41CD9467800C6B00F /* PBXContainerItemProxy */;
		};
		60E80EC01CD9467800C6B00F /* PBXTargetDependency */ = {
			isa = PBXTargetDependency;
			target = 60E80E9E1CD9467800C6B00F /* QuickNimbleProject */;
			targetProxy = 60E80EBF1CD9467800C6B00F /* PBXContainerItemProxy */;
		};
/* End PBXTargetDependency section */

/* Begin PBXVariantGroup section */
		60E80EA61CD9467800C6B00F /* Main.storyboard */ = {
			isa = PBXVariantGroup;
			children = (
				60E80EA71CD9467800C6B00F /* Base */,
			);
			name = Main.storyboard;
			sourceTree = "<group>";
		};
		60E80EAB1CD9467800C6B00F /* LaunchScreen.storyboard */ = {
			isa = PBXVariantGroup;
			children = (
				60E80EAC1CD9467800C6B00F /* Base */,
			);
			name = LaunchScreen.storyboard;
			sourceTree = "<group>";
		};
/* End PBXVariantGroup section */

/* Begin XCBuildConfiguration section */
		60E80EC51CD9467800C6B00F /* Debug */ = {
			isa = XCBuildConfiguration;
			buildSettings = {
				ALWAYS_SEARCH_USER_PATHS = NO;
				CLANG_ANALYZER_NONNULL = YES;
				CLANG_CXX_LANGUAGE_STANDARD = "gnu++0x";
				CLANG_CXX_LIBRARY = "libc++";
				CLANG_ENABLE_MODULES = YES;
				CLANG_ENABLE_OBJC_ARC = YES;
				CLANG_WARN_BOOL_CONVERSION = YES;
				CLANG_WARN_CONSTANT_CONVERSION = YES;
				CLANG_WARN_DIRECT_OBJC_ISA_USAGE = YES_ERROR;
				CLANG_WARN_EMPTY_BODY = YES;
				CLANG_WARN_ENUM_CONVERSION = YES;
				CLANG_WARN_INT_CONVERSION = YES;
				CLANG_WARN_OBJC_ROOT_CLASS = YES_ERROR;
				CLANG_WARN_UNREACHABLE_CODE = YES;
				CLANG_WARN__DUPLICATE_METHOD_MATCH = YES;
				"CODE_SIGN_IDENTITY[sdk=iphoneos*]" = "iPhone Developer";
				COPY_PHASE_STRIP = NO;
				DEBUG_INFORMATION_FORMAT = dwarf;
				ENABLE_STRICT_OBJC_MSGSEND = YES;
				ENABLE_TESTABILITY = YES;
				GCC_C_LANGUAGE_STANDARD = gnu99;
				GCC_DYNAMIC_NO_PIC = NO;
				GCC_NO_COMMON_BLOCKS = YES;
				GCC_OPTIMIZATION_LEVEL = 0;
				GCC_PREPROCESSOR_DEFINITIONS = (
					"DEBUG=1",
					"$(inherited)",
				);
				GCC_WARN_64_TO_32_BIT_CONVERSION = YES;
				GCC_WARN_ABOUT_RETURN_TYPE = YES_ERROR;
				GCC_WARN_UNDECLARED_SELECTOR = YES;
				GCC_WARN_UNINITIALIZED_AUTOS = YES_AGGRESSIVE;
				GCC_WARN_UNUSED_FUNCTION = YES;
				GCC_WARN_UNUSED_VARIABLE = YES;
				IPHONEOS_DEPLOYMENT_TARGET = 9.3;
				MTL_ENABLE_DEBUG_INFO = YES;
				ONLY_ACTIVE_ARCH = YES;
				SDKROOT = iphoneos;
				SWIFT_OPTIMIZATION_LEVEL = "-Onone";
				TARGETED_DEVICE_FAMILY = "1,2";
			};
			name = Debug;
		};
		60E80EC61CD9467800C6B00F /* Release */ = {
			isa = XCBuildConfiguration;
			buildSettings = {
				ALWAYS_SEARCH_USER_PATHS = NO;
				CLANG_ANALYZER_NONNULL = YES;
				CLANG_CXX_LANGUAGE_STANDARD = "gnu++0x";
				CLANG_CXX_LIBRARY = "libc++";
				CLANG_ENABLE_MODULES = YES;
				CLANG_ENABLE_OBJC_ARC = YES;
				CLANG_WARN_BOOL_CONVERSION = YES;
				CLANG_WARN_CONSTANT_CONVERSION = YES;
				CLANG_WARN_DIRECT_OBJC_ISA_USAGE = YES_ERROR;
				CLANG_WARN_EMPTY_BODY = YES;
				CLANG_WARN_ENUM_CONVERSION = YES;
				CLANG_WARN_INT_CONVERSION = YES;
				CLANG_WARN_OBJC_ROOT_CLASS = YES_ERROR;
				CLANG_WARN_UNREACHABLE_CODE = YES;
				CLANG_WARN__DUPLICATE_METHOD_MATCH = YES;
				"CODE_SIGN_IDENTITY[sdk=iphoneos*]" = "iPhone Developer";
				COPY_PHASE_STRIP = NO;
				DEBUG_INFORMATION_FORMAT = "dwarf-with-dsym";
				ENABLE_NS_ASSERTIONS = NO;
				ENABLE_STRICT_OBJC_MSGSEND = YES;
				GCC_C_LANGUAGE_STANDARD = gnu99;
				GCC_NO_COMMON_BLOCKS = YES;
				GCC_WARN_64_TO_32_BIT_CONVERSION = YES;
				GCC_WARN_ABOUT_RETURN_TYPE = YES_ERROR;
				GCC_WARN_UNDECLARED_SELECTOR = YES;
				GCC_WARN_UNINITIALIZED_AUTOS = YES_AGGRESSIVE;
				GCC_WARN_UNUSED_FUNCTION = YES;
				GCC_WARN_UNUSED_VARIABLE = YES;
				IPHONEOS_DEPLOYMENT_TARGET = 9.3;
				MTL_ENABLE_DEBUG_INFO = NO;
				SDKROOT = iphoneos;
				TARGETED_DEVICE_FAMILY = "1,2";
				VALIDATE_PRODUCT = YES;
			};
			name = Release;
		};
		60E80EC81CD9467800C6B00F /* Debug */ = {
			isa = XCBuildConfiguration;
			baseConfigurationReference = DDC9533BA879159985B26206 /* Pods-QuickNimbleProject.debug.xcconfig */;
			buildSettings = {
				ASSETCATALOG_COMPILER_APPICON_NAME = AppIcon;
				INFOPLIST_FILE = QuickNimbleProject/Info.plist;
				LD_RUNPATH_SEARCH_PATHS = "$(inherited) @executable_path/Frameworks";
				PRODUCT_BUNDLE_IDENTIFIER = codebiscuits.QuickNimbleProject;
				PRODUCT_NAME = "$(TARGET_NAME)";
			};
			name = Debug;
		};
		60E80EC91CD9467800C6B00F /* Release */ = {
			isa = XCBuildConfiguration;
			baseConfigurationReference = FF65768E716B796FD64DBED3 /* Pods-QuickNimbleProject.release.xcconfig */;
			buildSettings = {
				ASSETCATALOG_COMPILER_APPICON_NAME = AppIcon;
				INFOPLIST_FILE = QuickNimbleProject/Info.plist;
				LD_RUNPATH_SEARCH_PATHS = "$(inherited) @executable_path/Frameworks";
				PRODUCT_BUNDLE_IDENTIFIER = codebiscuits.QuickNimbleProject;
				PRODUCT_NAME = "$(TARGET_NAME)";
			};
			name = Release;
		};
		60E80ECB1CD9467800C6B00F /* Debug */ = {
			isa = XCBuildConfiguration;
			baseConfigurationReference = E982B2DCC1199C17644C5077 /* Pods-QuickNimbleProjectTests.debug.xcconfig */;
			buildSettings = {
				BUNDLE_LOADER = "$(TEST_HOST)";
				INFOPLIST_FILE = QuickNimbleProjectTests/Info.plist;
				LD_RUNPATH_SEARCH_PATHS = "$(inherited) @executable_path/Frameworks @loader_path/Frameworks";
				PRODUCT_BUNDLE_IDENTIFIER = codebiscuits.QuickNimbleProjectTests;
				PRODUCT_NAME = "$(TARGET_NAME)";
				TEST_HOST = "$(BUILT_PRODUCTS_DIR)/QuickNimbleProject.app/QuickNimbleProject";
			};
			name = Debug;
		};
		60E80ECC1CD9467800C6B00F /* Release */ = {
			isa = XCBuildConfiguration;
			baseConfigurationReference = 1E6F5567E6916CA20B7D244F /* Pods-QuickNimbleProjectTests.release.xcconfig */;
			buildSettings = {
				BUNDLE_LOADER = "$(TEST_HOST)";
				INFOPLIST_FILE = QuickNimbleProjectTests/Info.plist;
				LD_RUNPATH_SEARCH_PATHS = "$(inherited) @executable_path/Frameworks @loader_path/Frameworks";
				PRODUCT_BUNDLE_IDENTIFIER = codebiscuits.QuickNimbleProjectTests;
				PRODUCT_NAME = "$(TARGET_NAME)";
				TEST_HOST = "$(BUILT_PRODUCTS_DIR)/QuickNimbleProject.app/QuickNimbleProject";
			};
			name = Release;
		};
		60E80ECE1CD9467800C6B00F /* Debug */ = {
			isa = XCBuildConfiguration;
			baseConfigurationReference = 8E21B9BD0C6F5B7B0792D194 /* Pods-QuickNimbleProjectUITests.debug.xcconfig */;
			buildSettings = {
				INFOPLIST_FILE = QuickNimbleProjectUITests/Info.plist;
				LD_RUNPATH_SEARCH_PATHS = "$(inherited) @executable_path/Frameworks @loader_path/Frameworks $(FRAMEWORK_SEARCH_PATHS)";
				PRODUCT_BUNDLE_IDENTIFIER = codebiscuits.QuickNimbleProjectUITests;
				PRODUCT_NAME = "$(TARGET_NAME)";
				TEST_TARGET_NAME = QuickNimbleProject;
			};
			name = Debug;
		};
		60E80ECF1CD9467800C6B00F /* Release */ = {
			isa = XCBuildConfiguration;
			baseConfigurationReference = A6134BF586931ECD27360EA1 /* Pods-QuickNimbleProjectUITests.release.xcconfig */;
			buildSettings = {
				INFOPLIST_FILE = QuickNimbleProjectUITests/Info.plist;
				LD_RUNPATH_SEARCH_PATHS = "$(inherited) @executable_path/Frameworks @loader_path/Frameworks $(FRAMEWORK_SEARCH_PATHS)";
				PRODUCT_BUNDLE_IDENTIFIER = codebiscuits.QuickNimbleProjectUITests;
				PRODUCT_NAME = "$(TARGET_NAME)";
				TEST_TARGET_NAME = QuickNimbleProject;
			};
			name = Release;
		};
/* End XCBuildConfiguration section */

/* Begin XCConfigurationList section */
		60E80E9A1CD9467800C6B00F /* Build configuration list for PBXProject "QuickNimbleProject" */ = {
			isa = XCConfigurationList;
			buildConfigurations = (
				60E80EC51CD9467800C6B00F /* Debug */,
				60E80EC61CD9467800C6B00F /* Release */,
			);
			defaultConfigurationIsVisible = 0;
			defaultConfigurationName = Release;
		};
		60E80EC71CD9467800C6B00F /* Build configuration list for PBXNativeTarget "QuickNimbleProject" */ = {
			isa = XCConfigurationList;
			buildConfigurations = (
				60E80EC81CD9467800C6B00F /* Debug */,
				60E80EC91CD9467800C6B00F /* Release */,
			);
			defaultConfigurationIsVisible = 0;
			defaultConfigurationName = Release;
		};
		60E80ECA1CD9467800C6B00F /* Build configuration list for PBXNativeTarget "QuickNimbleProjectTests" */ = {
			isa = XCConfigurationList;
			buildConfigurations = (
				60E80ECB1CD9467800C6B00F /* Debug */,
				60E80ECC1CD9467800C6B00F /* Release */,
			);
			defaultConfigurationIsVisible = 0;
			defaultConfigurationName = Release;
		};
		60E80ECD1CD9467800C6B00F /* Build configuration list for PBXNativeTarget "QuickNimbleProjectUITests" */ = {
			isa = XCConfigurationList;
			buildConfigurations = (
				60E80ECE1CD9467800C6B00F /* Debug */,
				60E80ECF1CD9467800C6B00F /* Release */,
			);
			defaultConfigurationIsVisible = 0;
			defaultConfigurationName = Release;
		};
/* End XCConfigurationList section */
	};
	rootObject = 60E80E971CD9467800C6B00F /* Project object */;
}
