PODS:
  - Nimble (4.0.1)
  - OCMock (3.3)
  - Quick (0.9.2)

DEPENDENCIES:
  - Nimble
  - OCMock
  - Quick

SPEC CHECKSUMS:
  Nimble: 0f3c8b8b084cda391209c3c5efbb48bedeeb920a
  OCMock: d68685bde31f69cb61d518dcb39269080c78b5ed
  Quick: 18d057bc66451eedd5d1c8dc99ba2a5db6e60226

PODFILE CHECKSUM: 77823f048de0a2dc0942975fa803b563d7385d52

COCOAPODS: 1.0.0
